
Microsoft Visual Studio Solution File, Format Version 12.00
# Visual Studio Version 17
VisualStudioVersion = 17.13.35913.81
MinimumVisualStudioVersion = 10.0.40219.1
Project("{FAE04EC0-301F-11D3-BF4B-00C04F79EFBC}") = "portfolio.main", "portfolio.main\portfolio.main.csproj", "{09ADB978-0E40-472F-9DBE-91BE541E8193}"
EndProject
Global
	GlobalSection(SolutionConfigurationPlatforms) = preSolution
		Debug|Any CPU = Debug|Any CPU
		Release|Any CPU = Release|Any CPU
	EndGlobalSection
	GlobalSection(ProjectConfigurationPlatforms) = postSolution
		{09ADB978-0E40-472F-9DBE-91BE541E8193}.Debug|Any CPU.ActiveCfg = Debug|Any CPU
		{09ADB978-0E40-472F-9DBE-91BE541E8193}.Debug|Any CPU.Build.0 = Debug|Any CPU
		{09ADB978-0E40-472F-9DBE-91BE541E8193}.Release|Any CPU.ActiveCfg = Release|Any CPU
		{09ADB978-0E40-472F-9DBE-91BE541E8193}.Release|Any CPU.Build.0 = Release|Any CPU
	EndGlobalSection
	GlobalSection(SolutionProperties) = preSolution
		HideSolutionNode = FALSE
	EndGlobalSection
	GlobalSection(ExtensibilityGlobals) = postSolution
		SolutionGuid = {5E943A20-8BEF-48C4-BB7E-E425ACE6D239}
	EndGlobalSection
EndGlobal
